{
  "name": "dash",
  "version": "1.0.0",
  "lockfileVersion": 3,
  "requires": true,
  "packages": {
    "": {
      "name": "dash",
      "version": "1.0.0",
      "license": "ISC",
      "dependencies": {
        "chart.js": "^2.7.3",
        "fullcalendar": "^6.0.1",
        "moment": "^2.29.4"
      }
    },
    "node_modules/@fullcalendar/core": {
      "version": "6.0.1",
      "resolved": "https://registry.npmjs.org/@fullcalendar/core/-/core-6.0.1.tgz",
      "integrity": "sha512-JMBRbWrez8hKhS1wvqAW3TBSo58/xRmDHUu07x/lywdct4gD7Z9QphC/VDNqbRQpTknHHmOjMqSmauEwQ6wbaA==",
      "dependencies": {
        "preact": "^10.0.5"
      }
    },
    "node_modules/@fullcalendar/daygrid": {
      "version": "6.0.1",
      "resolved": "https://registry.npmjs.org/@fullcalendar/daygrid/-/daygrid-6.0.1.tgz",
      "integrity": "sha512-QKbZZhJ2LCvHjc0E7bbos5kGRZJ024i0JliTr2H+0zgaSORHp4kzbk+w+XJpRc2v/DbGKMrlFSDVLKNE99BLSQ==",
      "peerDependencies": {
        "@fullcalendar/core": "~6.0.1"
      }
    },
    "node_modules/@fullcalendar/interaction": {
      "version": "6.0.1",
      "resolved": "https://registry.npmjs.org/@fullcalendar/interaction/-/interaction-6.0.1.tgz",
      "integrity": "sha512-LdIaBaW5vAVGxXleBuHSQnk6O41DjiPsqomCUKQo6jboZvzWZnqS1xnpspeFjunDoYxBldr4nmTxbYFfxU88Iw==",
      "peerDependencies": {
        "@fullcalendar/core": "~6.0.1"
      }
    },
    "node_modules/@fullcalendar/list": {
      "version": "6.0.1",
      "resolved": "https://registry.npmjs.org/@fullcalendar/list/-/list-6.0.1.tgz",
      "integrity": "sha512-7+hFIZ92MJGeDIWLvjWhmrr8gseRUfwo8bKhBFA2CnTJGy99Q3STF9F2eyxQ46h6LcRPJr7uaNkWZbqZQv1TvQ==",
      "peerDependencies": {
        "@fullcalendar/core": "~6.0.1"
      }
    },
    "node_modules/@fullcalendar/timegrid": {
      "version": "6.0.1",
      "resolved": "https://registry.npmjs.org/@fullcalendar/timegrid/-/timegrid-6.0.1.tgz",
      "integrity": "sha512-1yGy79z1riIIe1j/uyAZ1GaY++4K/QHb/Je6Shm0r45DCMgpeabahMOR0HywKqzzBAMmgJdko2vKWoPnueNyEw==",
      "dependencies": {
        "@fullcalendar/daygrid": "~6.0.1"
      },
      "peerDependencies": {
        "@fullcalendar/core": "~6.0.1"
      }
    },
    "node_modules/chart.js": {
      "version": "2.7.3",
      "resolved": "https://registry.npmjs.org/chart.js/-/chart.js-2.7.3.tgz",
      "integrity": "sha512-3+7k/DbR92m6BsMUYP6M0dMsMVZpMnwkUyNSAbqolHKsbIzH2Q4LWVEHHYq7v0fmEV8whXE0DrjANulw9j2K5g==",
      "dependencies": {
        "chartjs-color": "^2.1.0",
        "moment": "^2.10.2"
      }
    },
    "node_modules/chartjs-color": {
      "version": "2.4.1",
      "resolved": "https://registry.npmjs.org/chartjs-color/-/chartjs-color-2.4.1.tgz",
      "integrity": "sha512-haqOg1+Yebys/Ts/9bLo/BqUcONQOdr/hoEr2LLTRl6C5LXctUdHxsCYfvQVg5JIxITrfCNUDr4ntqmQk9+/0w==",
      "dependencies": {
        "chartjs-color-string": "^0.6.0",
        "color-convert": "^1.9.3"
      }
    },
    "node_modules/chartjs-color-string": {
      "version": "0.6.0",
      "resolved": "https://registry.npmjs.org/chartjs-color-string/-/chartjs-color-string-0.6.0.tgz",
      "integrity": "sha512-TIB5OKn1hPJvO7JcteW4WY/63v6KwEdt6udfnDE9iCAZgy+V4SrbSxoIbTw/xkUIapjEI4ExGtD0+6D3KyFd7A==",
      "dependencies": {
        "color-name": "^1.0.0"
      }
    },
    "node_modules/color-convert": {
      "version": "1.9.3",
      "resolved": "https://registry.npmjs.org/color-convert/-/color-convert-1.9.3.tgz",
      "integrity": "sha512-QfAUtd+vFdAtFQcC8CCyYt1fYWxSqAiK2cSD6zDB8N3cpsEBAvRxp9zOGg6G/SHHJYAT88/az/IuDGALsNVbGg==",
      "dependencies": {
        "color-name": "1.1.3"
      }
    },
    "node_modules/color-convert/node_modules/color-name": {
      "version": "1.1.3",
      "resolved": "https://registry.npmjs.org/color-name/-/color-name-1.1.3.tgz",
      "integrity": "sha512-72fSenhMw2HZMTVHeCA9KCmpEIbzWiQsjN+BHcBbS9vr1mtt+vJjPdksIBNUmKAW8TFUDPJK5SUU3QhE9NEXDw=="
    },
    "node_modules/color-name": {
      "version": "1.1.4",
      "resolved": "https://registry.npmjs.org/color-name/-/color-name-1.1.4.tgz",
      "integrity": "sha512-dOy+3AuW3a2wNbZHIuMZpTcgjGuLU/uBL/ubcZF9OXbDo8ff4O8yVp5Bf0efS8uEoYo5q4Fx7dY9OgQGXgAsQA=="
    },
    "node_modules/fullcalendar": {
      "version": "6.0.1",
      "resolved": "https://registry.npmjs.org/fullcalendar/-/fullcalendar-6.0.1.tgz",
      "integrity": "sha512-5rILt2MUMm2ECHusLuBQIq3FdDyeWVL4wRRhLj3NXnMIzbGzzh9dJCvSLal48yEJR3ksUTYE4KYt1R4ZWy8tgQ==",
      "dependencies": {
        "@fullcalendar/core": "~6.0.1",
        "@fullcalendar/daygrid": "~6.0.1",
        "@fullcalendar/interaction": "~6.0.1",
        "@fullcalendar/list": "~6.0.1",
        "@fullcalendar/timegrid": "~6.0.1"
      }
    },
    "node_modules/moment": {
      "version": "2.29.4",
      "resolved": "https://registry.npmjs.org/moment/-/moment-2.29.4.tgz",
      "integrity": "sha512-5LC9SOxjSc2HF6vO2CyuTDNivEdoz2IvyJJGj6X8DJ0eFyfszE0QiEd+iXmBvUP3WHxSjFH/vIsA0EN00cgr8w==",
      "engines": {
        "node": "*"
      }
    },
    "node_modules/preact": {
      "version": "10.11.3",
      "resolved": "https://registry.npmjs.org/preact/-/preact-10.11.3.tgz",
      "integrity": "sha512-eY93IVpod/zG3uMF22Unl8h9KkrcKIRs2EGar8hwLZZDU1lkjph303V9HZBwufh2s736U6VXuhD109LYqPoffg==",
      "funding": {
        "type": "opencollective",
        "url": "https://opencollective.com/preact"
      }
    }
  }
}
